{
  "name": "mini-holiday-hackathon2024",
  "lockfileVersion": 3,
  "requires": true,
  "packages": {
    "": {
      "dependencies": {
        "cursor-trails": "^0.0.2"
      }
    },
    "node_modules/cursor-trails": {
      "version": "0.0.2",
      "resolved": "https://registry.npmjs.org/cursor-trails/-/cursor-trails-0.0.2.tgz",
      "integrity": "sha512-7eYGPNZwN5EYq7XYHPVH3lmPqTMUuH8BmLh0m0uf8Ojv6cUz7l27S40tyuo5q2+kssaPnWtQzRpvkayiJg9tOQ=="
    }
  }
}
